
Microsoft Visual Studio Solution File, Format Version 12.00
# Visual Studio 15
VisualStudioVersion = 15.0.28307.902
MinimumVisualStudioVersion = 10.0.40219.1
Project("{FAE04EC0-301F-11D3-BF4B-00C04F79EFBC}") = "Lab11", "Lab11.csproj", "{2A2A2D61-B358-4898-9120-786B96A1A4EF}"
EndProject
Global
	GlobalSection(SolutionConfigurationPlatforms) = preSolution
		Debug|Any CPU = Debug|Any CPU
		Release|Any CPU = Release|Any CPU
	EndGlobalSection
	GlobalSection(ProjectConfigurationPlatforms) = postSolution
		{2A2A2D61-B358-4898-9120-786B96A1A4EF}.Debug|Any CPU.ActiveCfg = Debug|Any CPU
		{2A2A2D61-B358-4898-9120-786B96A1A4EF}.Debug|Any CPU.Build.0 = Debug|Any CPU
		{2A2A2D61-B358-4898-9120-786B96A1A4EF}.Release|Any CPU.ActiveCfg = Release|Any CPU
		{2A2A2D61-B358-4898-9120-786B96A1A4EF}.Release|Any CPU.Build.0 = Release|Any CPU
	EndGlobalSection
	GlobalSection(SolutionProperties) = preSolution
		HideSolutionNode = FALSE
	EndGlobalSection
	GlobalSection(ExtensibilityGlobals) = postSolution
		SolutionGuid = {8455971D-E66B-4633-A296-DB7E79C3D6ED}
	EndGlobalSection
EndGlobal
