
Microsoft Visual Studio Solution File, Format Version 12.00
# Visual Studio 15
VisualStudioVersion = 15.0.28307.852
MinimumVisualStudioVersion = 10.0.40219.1
Project("{FAE04EC0-301F-11D3-BF4B-00C04F79EFBC}") = "Lab7", "Lab7.csproj", "{8F9A3F14-3C27-4734-A967-907F57F5A95E}"
EndProject
Global
	GlobalSection(SolutionConfigurationPlatforms) = preSolution
		Debug|Any CPU = Debug|Any CPU
		Release|Any CPU = Release|Any CPU
	EndGlobalSection
	GlobalSection(ProjectConfigurationPlatforms) = postSolution
		{8F9A3F14-3C27-4734-A967-907F57F5A95E}.Debug|Any CPU.ActiveCfg = Debug|Any CPU
		{8F9A3F14-3C27-4734-A967-907F57F5A95E}.Debug|Any CPU.Build.0 = Debug|Any CPU
		{8F9A3F14-3C27-4734-A967-907F57F5A95E}.Release|Any CPU.ActiveCfg = Release|Any CPU
		{8F9A3F14-3C27-4734-A967-907F57F5A95E}.Release|Any CPU.Build.0 = Release|Any CPU
	EndGlobalSection
	GlobalSection(SolutionProperties) = preSolution
		HideSolutionNode = FALSE
	EndGlobalSection
	GlobalSection(ExtensibilityGlobals) = postSolution
		SolutionGuid = {4D5F0FDC-7C20-41A0-9639-EBA6F0C5D26D}
	EndGlobalSection
EndGlobal
